{
  "name": "codex-chat-export",
  "version": "0.1.0",
  "lockfileVersion": 3,
  "requires": true,
  "packages": {
    "": {
      "name": "codex-chat-export",
      "version": "0.1.0",
      "license": "MIT",
      "bin": {
        "codex-chat-export": "scripts/codex-chat-export.mjs"
      },
      "engines": {
        "node": ">=20"
      }
    }
  }
}
